{
  "name": "apod-bg",
  "version": "2.0.0",
  "lockfileVersion": 1,
  "requires": true,
  "dependencies": {
    "node-fetch": {
      "version": "2.3.0",
      "resolved": "https://registry.npmjs.org/node-fetch/-/node-fetch-2.3.0.tgz",
      "integrity": "sha512-MOd8pV3fxENbryESLgVIeaGKrdl+uaYhCSSVkjeOb/31/njTpcis5aWfdqgNlHIrKOLRbMnfPINPOML2CIFeXA=="
    },
    "wallpaper": {
      "version": "4.4.0",
      "resolved": "https://registry.npmjs.org/wallpaper/-/wallpaper-4.4.0.tgz",
      "integrity": "sha512-WfG6iJJAaeSqJbvZrSqhSr3uKESLkunTO14+QTRasDoOWnBzeEA10/ZerhbkpzN4j9nFKAGhUs0nP7dlayAy7w=="
    }
  }
}
